<?xml version="1.0" encoding="utf-8"?>
<Project ToolsVersion="4.0" xmlns="http://schemas.microsoft.com/developer/msbuild/2003">
  <ItemGroup>
    <Filter Include="Source Files">
      <UniqueIdentifier>{4FC737F1-C7A5-4376-A066-2A32D752A2FF}</UniqueIdentifier>
      <Extensions>cpp;c;cc;cxx;def;odl;idl;hpj;bat;asm;asmx</Extensions>
    </Filter>
    <Filter Include="Header Files">
      <UniqueIdentifier>{93995380-89BD-4b04-88EB-625FBE52EBFB}</UniqueIdentifier>
      <Extensions>h;hpp;hxx;hm;inl;inc;xsd</Extensions>
    </Filter>
    <Filter Include="Resource Files">
      <UniqueIdentifier>{67DA6AB6-F800-4c08-8B7A-83BB121AAD01}</UniqueIdentifier>
      <Extensions>rc;ico;cur;bmp;dlg;rc2;rct;bin;rgs;gif;jpg;jpeg;jpe;resx;tiff;tif;png;wav</Extensions>
    </Filter>
    <Filter Include="Addons">
      <UniqueIdentifier>{626cabb9-fa55-4e86-8195-04c232fb4e3e}</UniqueIdentifier>
    </Filter>
    <Filter Include="Addons\WorkerManager">
      <UniqueIdentifier>{6d949bf6-cc20-49c1-a996-3095c803595d}</UniqueIdentifier>
    </Filter>
    <Filter Include="Addons\BuildingPlacer">
      <UniqueIdentifier>{624e93ef-760e-4a1d-9281-41312b2faaeb}</UniqueIdentifier>
    </Filter>
    <Filter Include="Addons\SupplyManager">
      <UniqueIdentifier>{78248da4-f8b4-4cb7-b8f1-144025ff46ee}</UniqueIdentifier>
    </Filter>
    <Filter Include="Addons\Arbitrator">
      <UniqueIdentifier>{94cff40c-e48a-4380-ba80-45d6d5fd3373}</UniqueIdentifier>
    </Filter>
    <Filter Include="Addons\BWTA">
      <UniqueIdentifier>{cd04ad0c-6748-4a8e-a75d-55ca067e7fb6}</UniqueIdentifier>
    </Filter>
    <Filter Include="Addons\ConstructionManager">
      <UniqueIdentifier>{13c5284c-5068-4833-9973-6b43d04f8ea1}</UniqueIdentifier>
    </Filter>
    <Filter Include="Addons\BaseManager">
      <UniqueIdentifier>{87cb9247-a82a-4f8a-8544-c930a6c8e885}</UniqueIdentifier>
    </Filter>
    <Filter Include="Addons\ProductionManager">
      <UniqueIdentifier>{62eaf513-ce18-4566-b5b9-73e67af220a7}</UniqueIdentifier>
    </Filter>
    <Filter Include="Addons\MorphManager">
      <UniqueIdentifier>{2790fdd8-2b15-4472-852a-d96fa743ce79}</UniqueIdentifier>
    </Filter>
    <Filter Include="Addons\BuildManager">
      <UniqueIdentifier>{c8b6b6cb-4582-4322-a581-c79cf54e1ca8}</UniqueIdentifier>
    </Filter>
    <Filter Include="Addons\TechManager">
      <UniqueIdentifier>{983d2240-040d-427f-9e24-a054d9db9a8e}</UniqueIdentifier>
    </Filter>
    <Filter Include="Addons\UpgradeManager">
      <UniqueIdentifier>{fe7c9669-7b71-48b7-a7fc-4111686b57ab}</UniqueIdentifier>
    </Filter>
    <Filter Include="Addons\ScoutManager">
      <UniqueIdentifier>{34214d2c-b53a-4884-9e3d-3e04c89fa7dd}</UniqueIdentifier>
    </Filter>
    <Filter Include="Addons\BuildOrderManager">
      <UniqueIdentifier>{faba23be-bf71-45b7-906c-fea90c66222c}</UniqueIdentifier>
    </Filter>
    <Filter Include="Addons\DefenseManager">
      <UniqueIdentifier>{8e2412ad-cba9-4583-b4d5-70269a2496bf}</UniqueIdentifier>
    </Filter>
    <Filter Include="Addons\InformationManager">
      <UniqueIdentifier>{10865eb1-927a-4e4e-ae23-144de8e8642b}</UniqueIdentifier>
    </Filter>
    <Filter Include="Addons\UnitGroupManager">
      <UniqueIdentifier>{55d5ffee-7927-4dcb-943c-50f1bb5e73d5}</UniqueIdentifier>
    </Filter>
    <Filter Include="Addons\BorderManager">
      <UniqueIdentifier>{6911e315-494e-4a37-8656-f17a70929df6}</UniqueIdentifier>
    </Filter>
  </ItemGroup>
  <ItemGroup>
    <ClCompile Include="Assignment.cpp">
      <Filter>Source Files</Filter>
    </ClCompile>
    <ClCompile Include="BasicAIModule.cpp">
      <Filter>Source Files</Filter>
    </ClCompile>
    <ClCompile Include="Dll.cpp">
      <Filter>Source Files</Filter>
    </ClCompile>
    <ClCompile Include="EigenAssignment.cpp">
      <Filter>Source Files</Filter>
    </ClCompile>
    <ClCompile Include="EigenUnitData.cpp">
      <Filter>Source Files</Filter>
    </ClCompile>
    <ClCompile Include="EigenUnitDataManager.cpp">
      <Filter>Source Files</Filter>
    </ClCompile>
    <ClCompile Include="EigenUnitGroupManager.cpp">
      <Filter>Source Files</Filter>
    </ClCompile>
    <ClCompile Include="EnemyUnitData.cpp">
      <Filter>Source Files</Filter>
    </ClCompile>
    <ClCompile Include="EnemyUnitDataManager.cpp">
      <Filter>Source Files</Filter>
    </ClCompile>
    <ClCompile Include="EnhancedUI.cpp">
      <Filter>Source Files</Filter>
    </ClCompile>
    <ClCompile Include="HighCommand.cpp">
      <Filter>Source Files</Filter>
    </ClCompile>
    <ClCompile Include="Task.cpp">
      <Filter>Source Files</Filter>
    </ClCompile>
    <ClCompile Include="TaskManager.cpp">
      <Filter>Source Files</Filter>
    </ClCompile>
    <ClCompile Include="Util.cpp">
      <Filter>Source Files</Filter>
    </ClCompile>
    <ClCompile Include="WorkerManager.cpp">
      <Filter>Addons\WorkerManager</Filter>
    </ClCompile>
    <ClCompile Include="BuildingPlacer.cpp">
      <Filter>Addons\BuildingPlacer</Filter>
    </ClCompile>
    <ClCompile Include="SupplyManager.cpp">
      <Filter>Addons\SupplyManager</Filter>
    </ClCompile>
    <ClCompile Include="ConstructionManager.cpp">
      <Filter>Addons\ConstructionManager</Filter>
    </ClCompile>
    <ClCompile Include="Base.cpp">
      <Filter>Addons\BaseManager</Filter>
    </ClCompile>
    <ClCompile Include="BaseManager.cpp">
      <Filter>Addons\BaseManager</Filter>
    </ClCompile>
    <ClCompile Include="ProductionManager.cpp">
      <Filter>Addons\ProductionManager</Filter>
    </ClCompile>
    <ClCompile Include="MorphManager.cpp">
      <Filter>Addons\MorphManager</Filter>
    </ClCompile>
    <ClCompile Include="BuildManager.cpp">
      <Filter>Addons\BuildManager</Filter>
    </ClCompile>
    <ClCompile Include="TechManager.cpp">
      <Filter>Addons\TechManager</Filter>
    </ClCompile>
    <ClCompile Include="UpgradeManager.cpp">
      <Filter>Addons\UpgradeManager</Filter>
    </ClCompile>
    <ClCompile Include="ScoutManager.cpp">
      <Filter>Addons\ScoutManager</Filter>
    </ClCompile>
    <ClCompile Include="BuildOrderManager.cpp">
      <Filter>Addons\BuildOrderManager</Filter>
    </ClCompile>
    <ClCompile Include="MetaUnit.cpp">
      <Filter>Addons\BuildOrderManager</Filter>
    </ClCompile>
    <ClCompile Include="UnitItem.cpp">
      <Filter>Addons\BuildOrderManager</Filter>
    </ClCompile>
    <ClCompile Include="DefenseManager.cpp">
      <Filter>Addons\DefenseManager</Filter>
    </ClCompile>
    <ClCompile Include="InformationManager.cpp">
      <Filter>Addons\InformationManager</Filter>
    </ClCompile>
    <ClCompile Include="UnitGroup.cpp">
      <Filter>Addons\UnitGroupManager</Filter>
    </ClCompile>
    <ClCompile Include="UnitGroupManager.cpp">
      <Filter>Addons\UnitGroupManager</Filter>
    </ClCompile>
    <ClCompile Include="BorderManager.cpp">
      <Filter>Addons\BorderManager</Filter>
    </ClCompile>
    <ClCompile Include="BuildItem.cpp">
      <Filter>Source Files</Filter>
    </ClCompile>
    <ClCompile Include="BuildList.cpp">
      <Filter>Source Files</Filter>
    </ClCompile>
    <ClCompile Include="MicroManager.cpp">
      <Filter>Source Files</Filter>
    </ClCompile>
    <ClCompile Include="WantBuildManager.cpp">
      <Filter>Source Files</Filter>
    </ClCompile>
    <ClCompile Include="PlanAssigner.cpp">
      <Filter>Source Files</Filter>
    </ClCompile>
  </ItemGroup>
  <ItemGroup>
    <ClInclude Include="BasicAIModule.h">
      <Filter>Header Files</Filter>
    </ClInclude>
    <ClInclude Include="EigenAssignment.h">
      <Filter>Header Files</Filter>
    </ClInclude>
    <ClInclude Include="EigenUnitData.h">
      <Filter>Header Files</Filter>
    </ClInclude>
    <ClInclude Include="EigenUnitDataManager.h">
      <Filter>Header Files</Filter>
    </ClInclude>
    <ClInclude Include="EigenUnitGroupManager.h">
      <Filter>Header Files</Filter>
    </ClInclude>
    <ClInclude Include="EnemyUnitData.h">
      <Filter>Header Files</Filter>
    </ClInclude>
    <ClInclude Include="EnemyUnitDataManager.h">
      <Filter>Header Files</Filter>
    </ClInclude>
    <ClInclude Include="..\..\include\EnhancedUI.h">
      <Filter>Header Files</Filter>
    </ClInclude>
    <ClInclude Include="HighCommand.h">
      <Filter>Header Files</Filter>
    </ClInclude>
    <ClInclude Include="..\..\include\RectangleArray.h">
      <Filter>Header Files</Filter>
    </ClInclude>
    <ClInclude Include="Task.h">
      <Filter>Header Files</Filter>
    </ClInclude>
    <ClInclude Include="TaskManager.h">
      <Filter>Header Files</Filter>
    </ClInclude>
    <ClInclude Include="Util.h">
      <Filter>Header Files</Filter>
    </ClInclude>
    <ClInclude Include="..\..\include\WorkerManager.h">
      <Filter>Addons\WorkerManager</Filter>
    </ClInclude>
    <ClInclude Include="..\..\include\BuildingPlacer.h">
      <Filter>Addons\BuildingPlacer</Filter>
    </ClInclude>
    <ClInclude Include="..\..\include\SupplyManager.h">
      <Filter>Addons\SupplyManager</Filter>
    </ClInclude>
    <ClInclude Include="..\..\include\Arbitrator\Arbitrator.h">
      <Filter>Addons\Arbitrator</Filter>
    </ClInclude>
    <ClInclude Include="..\..\include\Arbitrator\Controller.h">
      <Filter>Addons\Arbitrator</Filter>
    </ClInclude>
    <ClInclude Include="..\..\include\Arbitrator\Heap.h">
      <Filter>Addons\Arbitrator</Filter>
    </ClInclude>
    <ClInclude Include="..\..\include\BWTA\BaseLocation.h">
      <Filter>Addons\BWTA</Filter>
    </ClInclude>
    <ClInclude Include="..\..\include\BWTA\Chokepoint.h">
      <Filter>Addons\BWTA</Filter>
    </ClInclude>
    <ClInclude Include="..\..\include\BWTA\Polygon.h">
      <Filter>Addons\BWTA</Filter>
    </ClInclude>
    <ClInclude Include="..\..\include\BWTA\RectangleArray.h">
      <Filter>Addons\BWTA</Filter>
    </ClInclude>
    <ClInclude Include="..\..\include\BWTA\Region.h">
      <Filter>Addons\BWTA</Filter>
    </ClInclude>
    <ClInclude Include="..\..\include\ConstructionManager.h">
      <Filter>Addons\ConstructionManager</Filter>
    </ClInclude>
    <ClInclude Include="..\..\include\BaseManager\Base.h">
      <Filter>Addons\BaseManager</Filter>
    </ClInclude>
    <ClInclude Include="..\..\include\BaseManager\BaseManager.h">
      <Filter>Addons\BaseManager</Filter>
    </ClInclude>
    <ClInclude Include="..\..\include\ProductionManager.h">
      <Filter>Addons\ProductionManager</Filter>
    </ClInclude>
    <ClInclude Include="..\..\include\MorphManager.h">
      <Filter>Addons\MorphManager</Filter>
    </ClInclude>
    <ClInclude Include="..\..\include\BuildManager.h">
      <Filter>Addons\BuildManager</Filter>
    </ClInclude>
    <ClInclude Include="..\..\include\TechManager.h">
      <Filter>Addons\TechManager</Filter>
    </ClInclude>
    <ClInclude Include="..\..\include\UpgradeManager.h">
      <Filter>Addons\UpgradeManager</Filter>
    </ClInclude>
    <ClInclude Include="..\..\include\ScoutManager.h">
      <Filter>Addons\ScoutManager</Filter>
    </ClInclude>
    <ClInclude Include="..\..\include\BuildOrderManager\BuildOrderManager.h">
      <Filter>Addons\BuildOrderManager</Filter>
    </ClInclude>
    <ClInclude Include="..\..\include\BuildOrderManager\TechItem.h">
      <Filter>Addons\BuildOrderManager</Filter>
    </ClInclude>
    <ClInclude Include="..\..\include\BuildOrderManager\UnitItem.h">
      <Filter>Addons\BuildOrderManager</Filter>
    </ClInclude>
    <ClInclude Include="..\..\include\DefenseManager.h">
      <Filter>Addons\DefenseManager</Filter>
    </ClInclude>
    <ClInclude Include="..\..\include\InformationManager.h">
      <Filter>Addons\InformationManager</Filter>
    </ClInclude>
    <ClInclude Include="..\..\include\UnitGroup.h">
      <Filter>Addons\UnitGroupManager</Filter>
    </ClInclude>
    <ClInclude Include="..\..\include\UnitGroupManager.h">
      <Filter>Addons\UnitGroupManager</Filter>
    </ClInclude>
    <ClInclude Include="..\..\include\BorderManager.h">
      <Filter>Addons\BorderManager</Filter>
    </ClInclude>
    <ClInclude Include="BuildItem.h">
      <Filter>Header Files</Filter>
    </ClInclude>
    <ClInclude Include="BuildList.h">
      <Filter>Header Files</Filter>
    </ClInclude>
    <ClInclude Include="MicroManager.h">
      <Filter>Header Files</Filter>
    </ClInclude>
    <ClInclude Include="WantBuildManager.h">
      <Filter>Header Files</Filter>
    </ClInclude>
    <ClInclude Include="PlanAssigner.h">
      <Filter>Header Files</Filter>
    </ClInclude>
  </ItemGroup>
</Project>